
Microsoft Visual Studio Solution File, Format Version 12.00
# Visual Studio Version 16
VisualStudioVersion = 16.0.28503.202
MinimumVisualStudioVersion = 10.0.40219.1
Project("{FAE04EC0-301F-11D3-BF4B-00C04F79EFBC}") = "RidoUwpDemos", "RidoUwpDemos\RidoUwpDemos.csproj", "{2AC6C807-1F48-47CF-A563-15E192AB0A74}"
EndProject
Project("{2150E333-8FDC-42A3-9474-1A3956D46DE8}") = "Solution Items", "Solution Items", "{211EC266-1672-419E-B49D-96AC8AC63AB4}"
	ProjectSection(SolutionItems) = preProject
		NuGet.config = NuGet.config
		..\version.json = ..\version.json
	EndProjectSection
EndProject
Project("{FAE04EC0-301F-11D3-BF4B-00C04F79EFBC}") = "RidoUwp.Controls", "..\src\RidoUwp.Controls\RidoUwp.Controls.csproj", "{47D98DA6-ECF7-49DA-8AF5-D6BFA1C19C4F}"
EndProject
Project("{FAE04EC0-301F-11D3-BF4B-00C04F79EFBC}") = "RidoUwp.Controls.TestNuget", "RidoUwp.Controls.TestNuget\RidoUwp.Controls.TestNuget.csproj", "{FB24842D-B8DC-430E-A5FA-B8B7719FB4C8}"
EndProject
Global
	GlobalSection(SolutionConfigurationPlatforms) = preSolution
		Debug|Any CPU = Debug|Any CPU
		Debug|ARM = Debug|ARM
		Debug|ARM64 = Debug|ARM64
		Debug|x64 = Debug|x64
		Debug|x86 = Debug|x86
		Release|Any CPU = Release|Any CPU
		Release|ARM = Release|ARM
		Release|ARM64 = Release|ARM64
		Release|x64 = Release|x64
		Release|x86 = Release|x86
	EndGlobalSection
	GlobalSection(ProjectConfigurationPlatforms) = postSolution
		{2AC6C807-1F48-47CF-A563-15E192AB0A74}.Debug|Any CPU.ActiveCfg = Debug|x86
		{2AC6C807-1F48-47CF-A563-15E192AB0A74}.Debug|ARM.ActiveCfg = Debug|ARM
		{2AC6C807-1F48-47CF-A563-15E192AB0A74}.Debug|ARM.Build.0 = Debug|ARM
		{2AC6C807-1F48-47CF-A563-15E192AB0A74}.Debug|ARM.Deploy.0 = Debug|ARM
		{2AC6C807-1F48-47CF-A563-15E192AB0A74}.Debug|ARM64.ActiveCfg = Debug|x86
		{2AC6C807-1F48-47CF-A563-15E192AB0A74}.Debug|x64.ActiveCfg = Debug|x64
		{2AC6C807-1F48-47CF-A563-15E192AB0A74}.Debug|x64.Build.0 = Debug|x64
		{2AC6C807-1F48-47CF-A563-15E192AB0A74}.Debug|x64.Deploy.0 = Debug|x64
		{2AC6C807-1F48-47CF-A563-15E192AB0A74}.Debug|x86.ActiveCfg = Debug|x86
		{2AC6C807-1F48-47CF-A563-15E192AB0A74}.Debug|x86.Build.0 = Debug|x86
		{2AC6C807-1F48-47CF-A563-15E192AB0A74}.Debug|x86.Deploy.0 = Debug|x86
		{2AC6C807-1F48-47CF-A563-15E192AB0A74}.Release|Any CPU.ActiveCfg = Release|x86
		{2AC6C807-1F48-47CF-A563-15E192AB0A74}.Release|ARM.ActiveCfg = Release|ARM
		{2AC6C807-1F48-47CF-A563-15E192AB0A74}.Release|ARM.Build.0 = Release|ARM
		{2AC6C807-1F48-47CF-A563-15E192AB0A74}.Release|ARM.Deploy.0 = Release|ARM
		{2AC6C807-1F48-47CF-A563-15E192AB0A74}.Release|ARM64.ActiveCfg = Release|x86
		{2AC6C807-1F48-47CF-A563-15E192AB0A74}.Release|x64.ActiveCfg = Release|x64
		{2AC6C807-1F48-47CF-A563-15E192AB0A74}.Release|x64.Build.0 = Release|x64
		{2AC6C807-1F48-47CF-A563-15E192AB0A74}.Release|x64.Deploy.0 = Release|x64
		{2AC6C807-1F48-47CF-A563-15E192AB0A74}.Release|x86.ActiveCfg = Release|x86
		{2AC6C807-1F48-47CF-A563-15E192AB0A74}.Release|x86.Build.0 = Release|x86
		{2AC6C807-1F48-47CF-A563-15E192AB0A74}.Release|x86.Deploy.0 = Release|x86
		{47D98DA6-ECF7-49DA-8AF5-D6BFA1C19C4F}.Debug|Any CPU.ActiveCfg = Debug|Any CPU
		{47D98DA6-ECF7-49DA-8AF5-D6BFA1C19C4F}.Debug|Any CPU.Build.0 = Debug|Any CPU
		{47D98DA6-ECF7-49DA-8AF5-D6BFA1C19C4F}.Debug|ARM.ActiveCfg = Debug|ARM
		{47D98DA6-ECF7-49DA-8AF5-D6BFA1C19C4F}.Debug|ARM.Build.0 = Debug|ARM
		{47D98DA6-ECF7-49DA-8AF5-D6BFA1C19C4F}.Debug|ARM64.ActiveCfg = Debug|Any CPU
		{47D98DA6-ECF7-49DA-8AF5-D6BFA1C19C4F}.Debug|ARM64.Build.0 = Debug|Any CPU
		{47D98DA6-ECF7-49DA-8AF5-D6BFA1C19C4F}.Debug|x64.ActiveCfg = Debug|x64
		{47D98DA6-ECF7-49DA-8AF5-D6BFA1C19C4F}.Debug|x64.Build.0 = Debug|x64
		{47D98DA6-ECF7-49DA-8AF5-D6BFA1C19C4F}.Debug|x86.ActiveCfg = Debug|x86
		{47D98DA6-ECF7-49DA-8AF5-D6BFA1C19C4F}.Debug|x86.Build.0 = Debug|x86
		{47D98DA6-ECF7-49DA-8AF5-D6BFA1C19C4F}.Release|Any CPU.ActiveCfg = Release|Any CPU
		{47D98DA6-ECF7-49DA-8AF5-D6BFA1C19C4F}.Release|Any CPU.Build.0 = Release|Any CPU
		{47D98DA6-ECF7-49DA-8AF5-D6BFA1C19C4F}.Release|ARM.ActiveCfg = Release|ARM
		{47D98DA6-ECF7-49DA-8AF5-D6BFA1C19C4F}.Release|ARM.Build.0 = Release|ARM
		{47D98DA6-ECF7-49DA-8AF5-D6BFA1C19C4F}.Release|ARM64.ActiveCfg = Release|Any CPU
		{47D98DA6-ECF7-49DA-8AF5-D6BFA1C19C4F}.Release|ARM64.Build.0 = Release|Any CPU
		{47D98DA6-ECF7-49DA-8AF5-D6BFA1C19C4F}.Release|x64.ActiveCfg = Release|x64
		{47D98DA6-ECF7-49DA-8AF5-D6BFA1C19C4F}.Release|x64.Build.0 = Release|x64
		{47D98DA6-ECF7-49DA-8AF5-D6BFA1C19C4F}.Release|x86.ActiveCfg = Release|x86
		{47D98DA6-ECF7-49DA-8AF5-D6BFA1C19C4F}.Release|x86.Build.0 = Release|x86
		{FB24842D-B8DC-430E-A5FA-B8B7719FB4C8}.Debug|Any CPU.ActiveCfg = Debug|x86
		{FB24842D-B8DC-430E-A5FA-B8B7719FB4C8}.Debug|ARM.ActiveCfg = Debug|ARM
		{FB24842D-B8DC-430E-A5FA-B8B7719FB4C8}.Debug|ARM.Build.0 = Debug|ARM
		{FB24842D-B8DC-430E-A5FA-B8B7719FB4C8}.Debug|ARM.Deploy.0 = Debug|ARM
		{FB24842D-B8DC-430E-A5FA-B8B7719FB4C8}.Debug|ARM64.ActiveCfg = Debug|ARM64
		{FB24842D-B8DC-430E-A5FA-B8B7719FB4C8}.Debug|ARM64.Build.0 = Debug|ARM64
		{FB24842D-B8DC-430E-A5FA-B8B7719FB4C8}.Debug|ARM64.Deploy.0 = Debug|ARM64
		{FB24842D-B8DC-430E-A5FA-B8B7719FB4C8}.Debug|x64.ActiveCfg = Debug|x64
		{FB24842D-B8DC-430E-A5FA-B8B7719FB4C8}.Debug|x64.Build.0 = Debug|x64
		{FB24842D-B8DC-430E-A5FA-B8B7719FB4C8}.Debug|x64.Deploy.0 = Debug|x64
		{FB24842D-B8DC-430E-A5FA-B8B7719FB4C8}.Debug|x86.ActiveCfg = Debug|x86
		{FB24842D-B8DC-430E-A5FA-B8B7719FB4C8}.Debug|x86.Build.0 = Debug|x86
		{FB24842D-B8DC-430E-A5FA-B8B7719FB4C8}.Debug|x86.Deploy.0 = Debug|x86
		{FB24842D-B8DC-430E-A5FA-B8B7719FB4C8}.Release|Any CPU.ActiveCfg = Release|x86
		{FB24842D-B8DC-430E-A5FA-B8B7719FB4C8}.Release|ARM.ActiveCfg = Release|ARM
		{FB24842D-B8DC-430E-A5FA-B8B7719FB4C8}.Release|ARM.Build.0 = Release|ARM
		{FB24842D-B8DC-430E-A5FA-B8B7719FB4C8}.Release|ARM.Deploy.0 = Release|ARM
		{FB24842D-B8DC-430E-A5FA-B8B7719FB4C8}.Release|ARM64.ActiveCfg = Release|ARM64
		{FB24842D-B8DC-430E-A5FA-B8B7719FB4C8}.Release|ARM64.Build.0 = Release|ARM64
		{FB24842D-B8DC-430E-A5FA-B8B7719FB4C8}.Release|ARM64.Deploy.0 = Release|ARM64
		{FB24842D-B8DC-430E-A5FA-B8B7719FB4C8}.Release|x64.ActiveCfg = Release|x64
		{FB24842D-B8DC-430E-A5FA-B8B7719FB4C8}.Release|x64.Build.0 = Release|x64
		{FB24842D-B8DC-430E-A5FA-B8B7719FB4C8}.Release|x64.Deploy.0 = Release|x64
		{FB24842D-B8DC-430E-A5FA-B8B7719FB4C8}.Release|x86.ActiveCfg = Release|x86
		{FB24842D-B8DC-430E-A5FA-B8B7719FB4C8}.Release|x86.Build.0 = Release|x86
		{FB24842D-B8DC-430E-A5FA-B8B7719FB4C8}.Release|x86.Deploy.0 = Release|x86
	EndGlobalSection
	GlobalSection(SolutionProperties) = preSolution
		HideSolutionNode = FALSE
	EndGlobalSection
	GlobalSection(ExtensibilityGlobals) = postSolution
		SolutionGuid = {78C69165-7E92-4323-ABD6-07258E3983B3}
	EndGlobalSection
EndGlobal
